# This file was autogenerated by Stack.
# You should not edit this file by hand.
# For more information, please see the documentation at:
#   https://docs.haskellstack.org/en/stable/lock_files

packages:
- completed:
    hackage: hakyll-4.15.1.1@sha256:14cb72593bc937576b07446db07403231cb9e4034d49fb232dc93fc32bb27e2f,9962
    pantry-tree:
      size: 8861
      sha256: dbfbd83bef3258f7f20a962b5771d9c70a9afd2b48335c3acc9c30e93c80d6ec
  original:
    hackage: hakyll-4.15.1.1
snapshots:
- completed:
    size: 619152
    url: https://raw.githubusercontent.com/commercialhaskell/stackage-snapshots/master/lts/19/11.yaml
    sha256: 692668712aa3a6638401ce921cd043f5f9a8b018af9ba13ae350871196b047d6
  original: lts-19.11
