# This file was autogenerated by Stack.
# You should not edit this file by hand.
# For more information, please see the documentation at:
#   https://docs.haskellstack.org/en/stable/lock_files

packages:
- completed:
    hackage: pandoc-sidenote-0.23.0.0@sha256:11b3a4d28fb3d40e38fbd671589aa65da7493c0dfec52fd32f2dd34eed82e021,1643
    pantry-tree:
      sha256: 400b3ae0571f9ec9c2643b5d72f3caf31982752ab5988a5364e87c79a371a4ee
      size: 322
  original:
    hackage: pandoc-sidenote-0.23.0.0
snapshots:
- completed:
    sha256: e63b43d506918278d05cd1448bd19352ab2faa9b8e9d64ce527b56f1a7fba149
    size: 650255
    url: https://raw.githubusercontent.com/commercialhaskell/stackage-snapshots/master/lts/20/25.yaml
  original: lts-20.25
